
Microsoft Visual Studio Solution File, Format Version 12.00
# Visual Studio Version 17
VisualStudioVersion = 17.5.002.0
MinimumVisualStudioVersion = 10.0.40219.1
Project("{9A19103F-16F7-4668-BE54-9A1E7A4F7556}") = "task1", "task1.csproj", "{FB19B135-9ECD-42FD-964F-AFEBE2600025}"
EndProject
Global
	GlobalSection(SolutionConfigurationPlatforms) = preSolution
		Debug|Any CPU = Debug|Any CPU
		Release|Any CPU = Release|Any CPU
	EndGlobalSection
	GlobalSection(ProjectConfigurationPlatforms) = postSolution
		{FB19B135-9ECD-42FD-964F-AFEBE2600025}.Debug|Any CPU.ActiveCfg = Debug|Any CPU
		{FB19B135-9ECD-42FD-964F-AFEBE2600025}.Debug|Any CPU.Build.0 = Debug|Any CPU
		{FB19B135-9ECD-42FD-964F-AFEBE2600025}.Release|Any CPU.ActiveCfg = Release|Any CPU
		{FB19B135-9ECD-42FD-964F-AFEBE2600025}.Release|Any CPU.Build.0 = Release|Any CPU
	EndGlobalSection
	GlobalSection(SolutionProperties) = preSolution
		HideSolutionNode = FALSE
	EndGlobalSection
	GlobalSection(ExtensibilityGlobals) = postSolution
		SolutionGuid = {35783E80-54CB-466C-BE5E-D633055F41D4}
	EndGlobalSection
EndGlobal
